
Microsoft Visual Studio Solution File, Format Version 12.00
# Visual Studio Version 17
VisualStudioVersion = 17.4.33205.214
MinimumVisualStudioVersion = 10.0.40219.1
Project("{FAE04EC0-301F-11D3-BF4B-00C04F79EFBC}") = "ConnectedArchitectureExamples", "ConnectedArchitectureExamples\ConnectedArchitectureExamples.csproj", "{D7299B7E-8D5B-4E61-ABC8-57EA0657D42E}"
EndProject
Global
	GlobalSection(SolutionConfigurationPlatforms) = preSolution
		Debug|Any CPU = Debug|Any CPU
		Release|Any CPU = Release|Any CPU
	EndGlobalSection
	GlobalSection(ProjectConfigurationPlatforms) = postSolution
		{D7299B7E-8D5B-4E61-ABC8-57EA0657D42E}.Debug|Any CPU.ActiveCfg = Debug|Any CPU
		{D7299B7E-8D5B-4E61-ABC8-57EA0657D42E}.Debug|Any CPU.Build.0 = Debug|Any CPU
		{D7299B7E-8D5B-4E61-ABC8-57EA0657D42E}.Release|Any CPU.ActiveCfg = Release|Any CPU
		{D7299B7E-8D5B-4E61-ABC8-57EA0657D42E}.Release|Any CPU.Build.0 = Release|Any CPU
	EndGlobalSection
	GlobalSection(SolutionProperties) = preSolution
		HideSolutionNode = FALSE
	EndGlobalSection
	GlobalSection(ExtensibilityGlobals) = postSolution
		SolutionGuid = {691A6464-F6DD-4C73-AB0A-6311CE098D16}
	EndGlobalSection
EndGlobal
