
Microsoft Visual Studio Solution File, Format Version 12.00
# Visual Studio Version 17
VisualStudioVersion = 17.4.33205.214
MinimumVisualStudioVersion = 10.0.40219.1
Project("{FAE04EC0-301F-11D3-BF4B-00C04F79EFBC}") = "eCommerce", "eCommerce\eCommerce.csproj", "{1FEBD62C-67E9-4410-8006-E8C167F0524D}"
EndProject
Global
	GlobalSection(SolutionConfigurationPlatforms) = preSolution
		Debug|Any CPU = Debug|Any CPU
		Release|Any CPU = Release|Any CPU
	EndGlobalSection
	GlobalSection(ProjectConfigurationPlatforms) = postSolution
		{1FEBD62C-67E9-4410-8006-E8C167F0524D}.Debug|Any CPU.ActiveCfg = Debug|Any CPU
		{1FEBD62C-67E9-4410-8006-E8C167F0524D}.Debug|Any CPU.Build.0 = Debug|Any CPU
		{1FEBD62C-67E9-4410-8006-E8C167F0524D}.Release|Any CPU.ActiveCfg = Release|Any CPU
		{1FEBD62C-67E9-4410-8006-E8C167F0524D}.Release|Any CPU.Build.0 = Release|Any CPU
	EndGlobalSection
	GlobalSection(SolutionProperties) = preSolution
		HideSolutionNode = FALSE
	EndGlobalSection
	GlobalSection(ExtensibilityGlobals) = postSolution
		SolutionGuid = {142552E5-BF85-4A31-989C-E176E18FF371}
	EndGlobalSection
EndGlobal
